
Microsoft Visual Studio Solution File, Format Version 12.00
# Visual Studio Version 17
VisualStudioVersion = 17.9.34616.47
MinimumVisualStudioVersion = 10.0.40219.1
Project("{FAE04EC0-301F-11D3-BF4B-00C04F79EFBC}") = "training8", "training8\training8.csproj", "{384FD6E3-5B2B-40FE-AFD0-5C3F4F6B76E6}"
EndProject
Global
	GlobalSection(SolutionConfigurationPlatforms) = preSolution
		Debug|Any CPU = Debug|Any CPU
		Release|Any CPU = Release|Any CPU
	EndGlobalSection
	GlobalSection(ProjectConfigurationPlatforms) = postSolution
		{384FD6E3-5B2B-40FE-AFD0-5C3F4F6B76E6}.Debug|Any CPU.ActiveCfg = Debug|Any CPU
		{384FD6E3-5B2B-40FE-AFD0-5C3F4F6B76E6}.Debug|Any CPU.Build.0 = Debug|Any CPU
		{384FD6E3-5B2B-40FE-AFD0-5C3F4F6B76E6}.Release|Any CPU.ActiveCfg = Release|Any CPU
		{384FD6E3-5B2B-40FE-AFD0-5C3F4F6B76E6}.Release|Any CPU.Build.0 = Release|Any CPU
	EndGlobalSection
	GlobalSection(SolutionProperties) = preSolution
		HideSolutionNode = FALSE
	EndGlobalSection
	GlobalSection(ExtensibilityGlobals) = postSolution
		SolutionGuid = {11BE2D0A-65FD-4BB5-A536-6C0A8E140098}
	EndGlobalSection
EndGlobal
