
Microsoft Visual Studio Solution File, Format Version 12.00
# Visual Studio Version 17
VisualStudioVersion = 17.9.34616.47
MinimumVisualStudioVersion = 10.0.40219.1
Project("{FAE04EC0-301F-11D3-BF4B-00C04F79EFBC}") = "training14", "training14\training14.csproj", "{5D8A9F9D-5FCF-43F3-A866-0C3453815256}"
EndProject
Global
	GlobalSection(SolutionConfigurationPlatforms) = preSolution
		Debug|Any CPU = Debug|Any CPU
		Release|Any CPU = Release|Any CPU
	EndGlobalSection
	GlobalSection(ProjectConfigurationPlatforms) = postSolution
		{5D8A9F9D-5FCF-43F3-A866-0C3453815256}.Debug|Any CPU.ActiveCfg = Debug|Any CPU
		{5D8A9F9D-5FCF-43F3-A866-0C3453815256}.Debug|Any CPU.Build.0 = Debug|Any CPU
		{5D8A9F9D-5FCF-43F3-A866-0C3453815256}.Release|Any CPU.ActiveCfg = Release|Any CPU
		{5D8A9F9D-5FCF-43F3-A866-0C3453815256}.Release|Any CPU.Build.0 = Release|Any CPU
	EndGlobalSection
	GlobalSection(SolutionProperties) = preSolution
		HideSolutionNode = FALSE
	EndGlobalSection
	GlobalSection(ExtensibilityGlobals) = postSolution
		SolutionGuid = {784A0513-33DF-442D-AC67-35036DB41746}
	EndGlobalSection
EndGlobal
