
Microsoft Visual Studio Solution File, Format Version 12.00
# Visual Studio Version 17
VisualStudioVersion = 17.9.34616.47
MinimumVisualStudioVersion = 10.0.40219.1
Project("{FAE04EC0-301F-11D3-BF4B-00C04F79EFBC}") = "training13", "training13\training13.csproj", "{7E01E224-1E07-4439-A372-765C1B696AEA}"
EndProject
Project("{FAE04EC0-301F-11D3-BF4B-00C04F79EFBC}") = "Add", "Add\Add.csproj", "{F527264C-395C-4C08-AFFE-88B60F7FF6AB}"
EndProject
Project("{FAE04EC0-301F-11D3-BF4B-00C04F79EFBC}") = "Divide", "Divide\Divide.csproj", "{3C459B88-DD01-4FC3-BB12-5F13EB0821E2}"
EndProject
Project("{FAE04EC0-301F-11D3-BF4B-00C04F79EFBC}") = "Multiple", "Multiple\Multiple.csproj", "{3A2E411B-2555-4966-82DB-4829216D9DEA}"
EndProject
Project("{FAE04EC0-301F-11D3-BF4B-00C04F79EFBC}") = "Subtract", "Subtract\Subtract.csproj", "{FB2AD523-E0D7-4A47-877C-BC50633B836E}"
EndProject
Global
	GlobalSection(SolutionConfigurationPlatforms) = preSolution
		Debug|Any CPU = Debug|Any CPU
		Release|Any CPU = Release|Any CPU
	EndGlobalSection
	GlobalSection(ProjectConfigurationPlatforms) = postSolution
		{7E01E224-1E07-4439-A372-765C1B696AEA}.Debug|Any CPU.ActiveCfg = Debug|Any CPU
		{7E01E224-1E07-4439-A372-765C1B696AEA}.Debug|Any CPU.Build.0 = Debug|Any CPU
		{7E01E224-1E07-4439-A372-765C1B696AEA}.Release|Any CPU.ActiveCfg = Release|Any CPU
		{7E01E224-1E07-4439-A372-765C1B696AEA}.Release|Any CPU.Build.0 = Release|Any CPU
		{F527264C-395C-4C08-AFFE-88B60F7FF6AB}.Debug|Any CPU.ActiveCfg = Debug|Any CPU
		{F527264C-395C-4C08-AFFE-88B60F7FF6AB}.Debug|Any CPU.Build.0 = Debug|Any CPU
		{F527264C-395C-4C08-AFFE-88B60F7FF6AB}.Release|Any CPU.ActiveCfg = Release|Any CPU
		{F527264C-395C-4C08-AFFE-88B60F7FF6AB}.Release|Any CPU.Build.0 = Release|Any CPU
		{3C459B88-DD01-4FC3-BB12-5F13EB0821E2}.Debug|Any CPU.ActiveCfg = Debug|Any CPU
		{3C459B88-DD01-4FC3-BB12-5F13EB0821E2}.Debug|Any CPU.Build.0 = Debug|Any CPU
		{3C459B88-DD01-4FC3-BB12-5F13EB0821E2}.Release|Any CPU.ActiveCfg = Release|Any CPU
		{3C459B88-DD01-4FC3-BB12-5F13EB0821E2}.Release|Any CPU.Build.0 = Release|Any CPU
		{3A2E411B-2555-4966-82DB-4829216D9DEA}.Debug|Any CPU.ActiveCfg = Debug|Any CPU
		{3A2E411B-2555-4966-82DB-4829216D9DEA}.Debug|Any CPU.Build.0 = Debug|Any CPU
		{3A2E411B-2555-4966-82DB-4829216D9DEA}.Release|Any CPU.ActiveCfg = Release|Any CPU
		{3A2E411B-2555-4966-82DB-4829216D9DEA}.Release|Any CPU.Build.0 = Release|Any CPU
		{FB2AD523-E0D7-4A47-877C-BC50633B836E}.Debug|Any CPU.ActiveCfg = Debug|Any CPU
		{FB2AD523-E0D7-4A47-877C-BC50633B836E}.Debug|Any CPU.Build.0 = Debug|Any CPU
		{FB2AD523-E0D7-4A47-877C-BC50633B836E}.Release|Any CPU.ActiveCfg = Release|Any CPU
		{FB2AD523-E0D7-4A47-877C-BC50633B836E}.Release|Any CPU.Build.0 = Release|Any CPU
	EndGlobalSection
	GlobalSection(SolutionProperties) = preSolution
		HideSolutionNode = FALSE
	EndGlobalSection
	GlobalSection(ExtensibilityGlobals) = postSolution
		SolutionGuid = {5067261F-397C-41BA-B87D-B8BA3CD0EB5A}
	EndGlobalSection
EndGlobal
